
Microsoft Visual Studio Solution File, Format Version 12.00
# Visual Studio Version 16
VisualStudioVersion = 16.0.32228.343
MinimumVisualStudioVersion = 10.0.40219.1
Project("{9A19103F-16F7-4668-BE54-9A1E7A4F7556}") = "APIGateway", "APIGateway\APIGateway.csproj", "{7451004B-566F-459A-AA2E-A8F1D379625C}"
EndProject
Project("{2150E333-8FDC-42A3-9474-1A3956D46DE8}") = "Services", "Services", "{B460AA1E-4C9A-42F8-BFDF-A1CD1F802C64}"
EndProject
Project("{2150E333-8FDC-42A3-9474-1A3956D46DE8}") = "CustomerAPI", "CustomerAPI", "{EC6970E6-4338-4085-9817-CE611ED48FBE}"
EndProject
Project("{2150E333-8FDC-42A3-9474-1A3956D46DE8}") = "OrderAPI", "OrderAPI", "{18E60755-D891-4490-B05D-8AB333C65F2F}"
EndProject
Project("{2150E333-8FDC-42A3-9474-1A3956D46DE8}") = "ProductAPI", "ProductAPI", "{24C68BDC-E075-4FF7-89FF-C13712DC7817}"
EndProject
Project("{9A19103F-16F7-4668-BE54-9A1E7A4F7556}") = "Customer.API", "Services\CustomerAPI\Customer.API\Customer.API.csproj", "{7586CD15-F332-4BC9-BDF7-BCA7450179C9}"
EndProject
Project("{9A19103F-16F7-4668-BE54-9A1E7A4F7556}") = "Customer.API.Infrastructure", "Services\CustomerAPI\Customer.API.Infrastructure\Customer.API.Infrastructure.csproj", "{AECFA183-E604-497A-A265-148052D6BE92}"
EndProject
Project("{9A19103F-16F7-4668-BE54-9A1E7A4F7556}") = "Customer.API.Models", "Services\CustomerAPI\Customer.API.Models\Customer.API.Models.csproj", "{5845A6F2-EC50-415A-93A0-D00034F04D3D}"
EndProject
Project("{9A19103F-16F7-4668-BE54-9A1E7A4F7556}") = "Customer.API.Services", "Services\CustomerAPI\Customer.API.Services\Customer.API.Services.csproj", "{24550B6D-804B-4A05-BF12-C7EABF5DD38B}"
EndProject
Project("{9A19103F-16F7-4668-BE54-9A1E7A4F7556}") = "Order.API", "Services\OrderAPI\Order.API\Order.API\Order.API.csproj", "{896D3A63-D86A-43EC-8658-02CF0D9128C8}"
EndProject
Project("{9A19103F-16F7-4668-BE54-9A1E7A4F7556}") = "Product.API", "Services\ProductAPI\Product.API\Product.API\Product.API.csproj", "{97E47578-725C-4E19-8504-67E8FC65CAC9}"
EndProject
Project("{FAE04EC0-301F-11D3-BF4B-00C04F79EFBC}") = "Order.API.Service", "Services\OrderAPI\Order.API.Service\Order.API.Service.csproj", "{5867C5A6-88D6-4D72-8F58-521DCBA43294}"
EndProject
Project("{FAE04EC0-301F-11D3-BF4B-00C04F79EFBC}") = "Order.API.Models", "Services\OrderAPI\Order.API.Models\Order.API.Models.csproj", "{FFDE2127-2204-471B-BBD4-55E7F32B9C0F}"
EndProject
Project("{FAE04EC0-301F-11D3-BF4B-00C04F79EFBC}") = "Product.API.Infrastructure", "Services\ProductAPI\Product.API.Infrastructure\Product.API.Infrastructure.csproj", "{7B5EA929-E973-47D1-AA85-7AA9313192DC}"
EndProject
Project("{FAE04EC0-301F-11D3-BF4B-00C04F79EFBC}") = "Product.API.Models", "Services\ProductAPI\Product.API.Models\Product.API.Models.csproj", "{EA9E2C91-67FF-4D3D-BB6E-0ED84ED95D48}"
EndProject
Project("{FAE04EC0-301F-11D3-BF4B-00C04F79EFBC}") = "Product.API.Service", "Services\ProductAPI\Product.API.Service\Product.API.Service.csproj", "{689570BE-ABDF-4BC6-AF46-79B813838DC1}"
EndProject
Project("{FAE04EC0-301F-11D3-BF4B-00C04F79EFBC}") = "Order.API.Infrastructure", "Services\OrderAPI\Order.API.Infrastructure\Order.API.Infrastructure.csproj", "{BAC4D079-FED9-4EF0-9AE2-5A353678B376}"
EndProject
Global
	GlobalSection(SolutionConfigurationPlatforms) = preSolution
		Debug|Any CPU = Debug|Any CPU
		Release|Any CPU = Release|Any CPU
	EndGlobalSection
	GlobalSection(ProjectConfigurationPlatforms) = postSolution
		{7451004B-566F-459A-AA2E-A8F1D379625C}.Debug|Any CPU.ActiveCfg = Debug|Any CPU
		{7451004B-566F-459A-AA2E-A8F1D379625C}.Debug|Any CPU.Build.0 = Debug|Any CPU
		{7451004B-566F-459A-AA2E-A8F1D379625C}.Release|Any CPU.ActiveCfg = Release|Any CPU
		{7451004B-566F-459A-AA2E-A8F1D379625C}.Release|Any CPU.Build.0 = Release|Any CPU
		{7586CD15-F332-4BC9-BDF7-BCA7450179C9}.Debug|Any CPU.ActiveCfg = Debug|Any CPU
		{7586CD15-F332-4BC9-BDF7-BCA7450179C9}.Debug|Any CPU.Build.0 = Debug|Any CPU
		{7586CD15-F332-4BC9-BDF7-BCA7450179C9}.Release|Any CPU.ActiveCfg = Release|Any CPU
		{7586CD15-F332-4BC9-BDF7-BCA7450179C9}.Release|Any CPU.Build.0 = Release|Any CPU
		{AECFA183-E604-497A-A265-148052D6BE92}.Debug|Any CPU.ActiveCfg = Debug|Any CPU
		{AECFA183-E604-497A-A265-148052D6BE92}.Debug|Any CPU.Build.0 = Debug|Any CPU
		{AECFA183-E604-497A-A265-148052D6BE92}.Release|Any CPU.ActiveCfg = Release|Any CPU
		{AECFA183-E604-497A-A265-148052D6BE92}.Release|Any CPU.Build.0 = Release|Any CPU
		{5845A6F2-EC50-415A-93A0-D00034F04D3D}.Debug|Any CPU.ActiveCfg = Debug|Any CPU
		{5845A6F2-EC50-415A-93A0-D00034F04D3D}.Debug|Any CPU.Build.0 = Debug|Any CPU
		{5845A6F2-EC50-415A-93A0-D00034F04D3D}.Release|Any CPU.ActiveCfg = Release|Any CPU
		{5845A6F2-EC50-415A-93A0-D00034F04D3D}.Release|Any CPU.Build.0 = Release|Any CPU
		{24550B6D-804B-4A05-BF12-C7EABF5DD38B}.Debug|Any CPU.ActiveCfg = Debug|Any CPU
		{24550B6D-804B-4A05-BF12-C7EABF5DD38B}.Debug|Any CPU.Build.0 = Debug|Any CPU
		{24550B6D-804B-4A05-BF12-C7EABF5DD38B}.Release|Any CPU.ActiveCfg = Release|Any CPU
		{24550B6D-804B-4A05-BF12-C7EABF5DD38B}.Release|Any CPU.Build.0 = Release|Any CPU
		{896D3A63-D86A-43EC-8658-02CF0D9128C8}.Debug|Any CPU.ActiveCfg = Debug|Any CPU
		{896D3A63-D86A-43EC-8658-02CF0D9128C8}.Debug|Any CPU.Build.0 = Debug|Any CPU
		{896D3A63-D86A-43EC-8658-02CF0D9128C8}.Release|Any CPU.ActiveCfg = Release|Any CPU
		{896D3A63-D86A-43EC-8658-02CF0D9128C8}.Release|Any CPU.Build.0 = Release|Any CPU
		{97E47578-725C-4E19-8504-67E8FC65CAC9}.Debug|Any CPU.ActiveCfg = Debug|Any CPU
		{97E47578-725C-4E19-8504-67E8FC65CAC9}.Debug|Any CPU.Build.0 = Debug|Any CPU
		{97E47578-725C-4E19-8504-67E8FC65CAC9}.Release|Any CPU.ActiveCfg = Release|Any CPU
		{97E47578-725C-4E19-8504-67E8FC65CAC9}.Release|Any CPU.Build.0 = Release|Any CPU
		{5867C5A6-88D6-4D72-8F58-521DCBA43294}.Debug|Any CPU.ActiveCfg = Debug|Any CPU
		{5867C5A6-88D6-4D72-8F58-521DCBA43294}.Debug|Any CPU.Build.0 = Debug|Any CPU
		{5867C5A6-88D6-4D72-8F58-521DCBA43294}.Release|Any CPU.ActiveCfg = Release|Any CPU
		{5867C5A6-88D6-4D72-8F58-521DCBA43294}.Release|Any CPU.Build.0 = Release|Any CPU
		{FFDE2127-2204-471B-BBD4-55E7F32B9C0F}.Debug|Any CPU.ActiveCfg = Debug|Any CPU
		{FFDE2127-2204-471B-BBD4-55E7F32B9C0F}.Debug|Any CPU.Build.0 = Debug|Any CPU
		{FFDE2127-2204-471B-BBD4-55E7F32B9C0F}.Release|Any CPU.ActiveCfg = Release|Any CPU
		{FFDE2127-2204-471B-BBD4-55E7F32B9C0F}.Release|Any CPU.Build.0 = Release|Any CPU
		{7B5EA929-E973-47D1-AA85-7AA9313192DC}.Debug|Any CPU.ActiveCfg = Debug|Any CPU
		{7B5EA929-E973-47D1-AA85-7AA9313192DC}.Debug|Any CPU.Build.0 = Debug|Any CPU
		{7B5EA929-E973-47D1-AA85-7AA9313192DC}.Release|Any CPU.ActiveCfg = Release|Any CPU
		{7B5EA929-E973-47D1-AA85-7AA9313192DC}.Release|Any CPU.Build.0 = Release|Any CPU
		{EA9E2C91-67FF-4D3D-BB6E-0ED84ED95D48}.Debug|Any CPU.ActiveCfg = Debug|Any CPU
		{EA9E2C91-67FF-4D3D-BB6E-0ED84ED95D48}.Debug|Any CPU.Build.0 = Debug|Any CPU
		{EA9E2C91-67FF-4D3D-BB6E-0ED84ED95D48}.Release|Any CPU.ActiveCfg = Release|Any CPU
		{EA9E2C91-67FF-4D3D-BB6E-0ED84ED95D48}.Release|Any CPU.Build.0 = Release|Any CPU
		{689570BE-ABDF-4BC6-AF46-79B813838DC1}.Debug|Any CPU.ActiveCfg = Debug|Any CPU
		{689570BE-ABDF-4BC6-AF46-79B813838DC1}.Debug|Any CPU.Build.0 = Debug|Any CPU
		{689570BE-ABDF-4BC6-AF46-79B813838DC1}.Release|Any CPU.ActiveCfg = Release|Any CPU
		{689570BE-ABDF-4BC6-AF46-79B813838DC1}.Release|Any CPU.Build.0 = Release|Any CPU
		{BAC4D079-FED9-4EF0-9AE2-5A353678B376}.Debug|Any CPU.ActiveCfg = Debug|Any CPU
		{BAC4D079-FED9-4EF0-9AE2-5A353678B376}.Debug|Any CPU.Build.0 = Debug|Any CPU
		{BAC4D079-FED9-4EF0-9AE2-5A353678B376}.Release|Any CPU.ActiveCfg = Release|Any CPU
		{BAC4D079-FED9-4EF0-9AE2-5A353678B376}.Release|Any CPU.Build.0 = Release|Any CPU
	EndGlobalSection
	GlobalSection(SolutionProperties) = preSolution
		HideSolutionNode = FALSE
	EndGlobalSection
	GlobalSection(NestedProjects) = preSolution
		{EC6970E6-4338-4085-9817-CE611ED48FBE} = {B460AA1E-4C9A-42F8-BFDF-A1CD1F802C64}
		{18E60755-D891-4490-B05D-8AB333C65F2F} = {B460AA1E-4C9A-42F8-BFDF-A1CD1F802C64}
		{24C68BDC-E075-4FF7-89FF-C13712DC7817} = {B460AA1E-4C9A-42F8-BFDF-A1CD1F802C64}
		{7586CD15-F332-4BC9-BDF7-BCA7450179C9} = {EC6970E6-4338-4085-9817-CE611ED48FBE}
		{AECFA183-E604-497A-A265-148052D6BE92} = {EC6970E6-4338-4085-9817-CE611ED48FBE}
		{5845A6F2-EC50-415A-93A0-D00034F04D3D} = {EC6970E6-4338-4085-9817-CE611ED48FBE}
		{24550B6D-804B-4A05-BF12-C7EABF5DD38B} = {EC6970E6-4338-4085-9817-CE611ED48FBE}
		{896D3A63-D86A-43EC-8658-02CF0D9128C8} = {18E60755-D891-4490-B05D-8AB333C65F2F}
		{97E47578-725C-4E19-8504-67E8FC65CAC9} = {24C68BDC-E075-4FF7-89FF-C13712DC7817}
		{5867C5A6-88D6-4D72-8F58-521DCBA43294} = {18E60755-D891-4490-B05D-8AB333C65F2F}
		{FFDE2127-2204-471B-BBD4-55E7F32B9C0F} = {18E60755-D891-4490-B05D-8AB333C65F2F}
		{7B5EA929-E973-47D1-AA85-7AA9313192DC} = {24C68BDC-E075-4FF7-89FF-C13712DC7817}
		{EA9E2C91-67FF-4D3D-BB6E-0ED84ED95D48} = {24C68BDC-E075-4FF7-89FF-C13712DC7817}
		{689570BE-ABDF-4BC6-AF46-79B813838DC1} = {24C68BDC-E075-4FF7-89FF-C13712DC7817}
		{BAC4D079-FED9-4EF0-9AE2-5A353678B376} = {18E60755-D891-4490-B05D-8AB333C65F2F}
	EndGlobalSection
	GlobalSection(ExtensibilityGlobals) = postSolution
		SolutionGuid = {F14D9CC5-3311-4D1D-939D-775B0BD23C33}
	EndGlobalSection
EndGlobal
